Microsoft Visual Studio Solution File, Format Version 12.00
# Visual Studio Version 16
VisualStudioVersion = 16.0.30011.22
MinimumVisualStudioVersion = 10.0.40219.1
Project("{9A19103F-16F7-4668-BE54-9A1E7A4F7556}") = "CDMyHistorianSample", "CDMyHistorianSample\CDMyHistorianSample.csproj", "{2EA9138F-C030-4999-9EB6-A8D42B2748AA}"
EndProject
Project("{9A19103F-16F7-4668-BE54-9A1E7A4F7556}") = "CDMyChat", "ChatSamples\CDMyChatSample\CDMyChat.csproj", "{A3072D7A-47A7-4D76-9BDA-368C0D54FC39}"
EndProject
Project("{FAE04EC0-301F-11D3-BF4B-00C04F79EFBC}") = "HCXaml", "ChatSamples\HackChatXAML\HCXaml\HCXaml.csproj", "{07CE93AE-A79E-48C3-AC13-22E8FE81ED26}"
EndProject
Project("{FAE04EC0-301F-11D3-BF4B-00C04F79EFBC}") = "ChatClientWPF", "ChatSamples\WPF\ChatClientWPF\ChatClientWPF.csproj", "{FF196F60-20E7-4851-8659-3937BAD549A3}"
EndProject
Project("{2150E333-8FDC-42A3-9474-1A3956D46DE8}") = "ChatSample", "ChatSample", "{84502F98-8F17-48FA-A5FE-1605A8A24CFF}"
EndProject
Project("{9A19103F-16F7-4668-BE54-9A1E7A4F7556}") = "cdeHostProject1", "MyNetCoreHost\cdeHostProject1\cdeHostProject1.csproj", "{ABE14596-A71D-4EB6-B579-86008379CEDD}"
EndProject
Project("{9A19103F-16F7-4668-BE54-9A1E7A4F7556}") = "CDMyCorePlugin", "MyNetCoreHost\CDMyCorePlugin\CDMyCorePlugin.csproj", "{1EF30DB7-F73F-4055-B666-E9CCA41A0DF9}"
EndProject
Project("{2150E333-8FDC-42A3-9474-1A3956D46DE8}") = "NetCoreHost", "NetCoreHost", "{0D9C0E43-F30F-41DB-87E5-0D150CE09A65}"
EndProject
Project("{2150E333-8FDC-42A3-9474-1A3956D46DE8}") = "Historian Sample", "Historian Sample", "{04EA7971-EC27-4A73-AD70-76D6289DD1FB}"
EndProject
Project("{2150E333-8FDC-42A3-9474-1A3956D46DE8}") = "CryptoLib Sample", "CryptoLib Sample", "{0D3C8931-B208-451C-8F85-8670EA1B46C2}"
EndProject
Project("{2150E333-8FDC-42A3-9474-1A3956D46DE8}") = "Web2Mesh", "Web2Mesh", "{6E22773B-D9AD-4E36-9463-3605FFFDFCC2}"
EndProject
Project("{FAE04EC0-301F-11D3-BF4B-00C04F79EFBC}") = "AppHostTest", "Web2Mesh\AppHostTest\AppHostTest.csproj", "{0CD34A44-F3FE-4633-B0EB-FAD559429096}"
EndProject
Project("{9A19103F-16F7-4668-BE54-9A1E7A4F7556}") = "CDMyWebToMeshSample", "Web2Mesh\CDMyWebToMeshSample\CDMyWebToMeshSample\CDMyWebToMeshSample.csproj", "{2ADECF8C-2079-422A-858C-8668B41F7FCB}"
EndProject
Project("{2150E333-8FDC-42A3-9474-1A3956D46DE8}") = "_Docs", "_Docs", "{004616C9-067F-44D4-9704-A8C63962EFFA}"
	ProjectSection(SolutionItems) = preProject
		readme.md = readme.md
	EndProjectSection
EndProject
Project("{9A19103F-16F7-4668-BE54-9A1E7A4F7556}") = "SampleCryptoLib", "CryptoLibSample\SampleCryptoLib.csproj", "{75BAD8A9-C24A-4077-9DEF-1CA15A18B778}"
EndProject
Project("{2150E333-8FDC-42A3-9474-1A3956D46DE8}") = "NMITestHost", "NMITestHost", "{DFF776EB-24D4-4E2A-AAF6-DB42BA9C8E49}"
EndProject
Project("{9A19103F-16F7-4668-BE54-9A1E7A4F7556}") = "CDMyNewNMIDemo", "NMITestRelay\CDMyNewNMIDemo\CDMyNewNMIDemo.csproj", "{EB66AE7B-FE26-41CB-80AA-A07CD5509CA0}"
EndProject
Project("{9A19103F-16F7-4668-BE54-9A1E7A4F7556}") = "NMITestRelay", "NMITestRelay\NMITestRelay\NMITestRelay.csproj", "{27441013-4BFB-4E4C-84BA-AF4A61170E18}"
EndProject
Global
	GlobalSection(SolutionConfigurationPlatforms) = preSolution
		Debug|Any CPU = Debug|Any CPU
		Debug|ARM = Debug|ARM
		Debug|ARM64 = Debug|ARM64
		Debug|x64 = Debug|x64
		Debug|x86 = Debug|x86
		Release|Any CPU = Release|Any CPU
		Release|ARM = Release|ARM
		Release|ARM64 = Release|ARM64
		Release|x64 = Release|x64
		Release|x86 = Release|x86
	EndGlobalSection
	GlobalSection(ProjectConfigurationPlatforms) = postSolution
		{2EA9138F-C030-4999-9EB6-A8D42B2748AA}.Debug|Any CPU.ActiveCfg = Debug|Any CPU
		{2EA9138F-C030-4999-9EB6-A8D42B2748AA}.Debug|Any CPU.Build.0 = Debug|Any CPU
		{2EA9138F-C030-4999-9EB6-A8D42B2748AA}.Debug|ARM.ActiveCfg = Debug|Any CPU
		{2EA9138F-C030-4999-9EB6-A8D42B2748AA}.Debug|ARM.Build.0 = Debug|Any CPU
		{2EA9138F-C030-4999-9EB6-A8D42B2748AA}.Debug|ARM64.ActiveCfg = Debug|Any CPU
		{2EA9138F-C030-4999-9EB6-A8D42B2748AA}.Debug|ARM64.Build.0 = Debug|Any CPU
		{2EA9138F-C030-4999-9EB6-A8D42B2748AA}.Debug|x64.ActiveCfg = Debug|Any CPU
		{2EA9138F-C030-4999-9EB6-A8D42B2748AA}.Debug|x64.Build.0 = Debug|Any CPU
		{2EA9138F-C030-4999-9EB6-A8D42B2748AA}.Debug|x86.ActiveCfg = Debug|Any CPU
		{2EA9138F-C030-4999-9EB6-A8D42B2748AA}.Debug|x86.Build.0 = Debug|Any CPU
		{2EA9138F-C030-4999-9EB6-A8D42B2748AA}.Release|Any CPU.ActiveCfg = Release|Any CPU
		{2EA9138F-C030-4999-9EB6-A8D42B2748AA}.Release|Any CPU.Build.0 = Release|Any CPU
		{2EA9138F-C030-4999-9EB6-A8D42B2748AA}.Release|ARM.ActiveCfg = Release|Any CPU
		{2EA9138F-C030-4999-9EB6-A8D42B2748AA}.Release|ARM.Build.0 = Release|Any CPU
		{2EA9138F-C030-4999-9EB6-A8D42B2748AA}.Release|ARM64.ActiveCfg = Release|Any CPU
		{2EA9138F-C030-4999-9EB6-A8D42B2748AA}.Release|ARM64.Build.0 = Release|Any CPU
		{2EA9138F-C030-4999-9EB6-A8D42B2748AA}.Release|x64.ActiveCfg = Release|Any CPU
		{2EA9138F-C030-4999-9EB6-A8D42B2748AA}.Release|x64.Build.0 = Release|Any CPU
		{2EA9138F-C030-4999-9EB6-A8D42B2748AA}.Release|x86.ActiveCfg = Release|Any CPU
		{2EA9138F-C030-4999-9EB6-A8D42B2748AA}.Release|x86.Build.0 = Release|Any CPU
		{A3072D7A-47A7-4D76-9BDA-368C0D54FC39}.Debug|Any CPU.ActiveCfg = Debug|Any CPU
		{A3072D7A-47A7-4D76-9BDA-368C0D54FC39}.Debug|Any CPU.Build.0 = Debug|Any CPU
		{A3072D7A-47A7-4D76-9BDA-368C0D54FC39}.Debug|ARM.ActiveCfg = Debug|Any CPU
		{A3072D7A-47A7-4D76-9BDA-368C0D54FC39}.Debug|ARM.Build.0 = Debug|Any CPU
		{A3072D7A-47A7-4D76-9BDA-368C0D54FC39}.Debug|ARM64.ActiveCfg = Debug|Any CPU
		{A3072D7A-47A7-4D76-9BDA-368C0D54FC39}.Debug|ARM64.Build.0 = Debug|Any CPU
		{A3072D7A-47A7-4D76-9BDA-368C0D54FC39}.Debug|x64.ActiveCfg = Debug|Any CPU
		{A3072D7A-47A7-4D76-9BDA-368C0D54FC39}.Debug|x64.Build.0 = Debug|Any CPU
		{A3072D7A-47A7-4D76-9BDA-368C0D54FC39}.Debug|x86.ActiveCfg = Debug|Any CPU
		{A3072D7A-47A7-4D76-9BDA-368C0D54FC39}.Debug|x86.Build.0 = Debug|Any CPU
		{A3072D7A-47A7-4D76-9BDA-368C0D54FC39}.Release|Any CPU.ActiveCfg = Release|Any CPU
		{A3072D7A-47A7-4D76-9BDA-368C0D54FC39}.Release|Any CPU.Build.0 = Release|Any CPU
		{A3072D7A-47A7-4D76-9BDA-368C0D54FC39}.Release|ARM.ActiveCfg = Release|Any CPU
		{A3072D7A-47A7-4D76-9BDA-368C0D54FC39}.Release|ARM.Build.0 = Release|Any CPU
		{A3072D7A-47A7-4D76-9BDA-368C0D54FC39}.Release|ARM64.ActiveCfg = Release|Any CPU
		{A3072D7A-47A7-4D76-9BDA-368C0D54FC39}.Release|ARM64.Build.0 = Release|Any CPU
		{A3072D7A-47A7-4D76-9BDA-368C0D54FC39}.Release|x64.ActiveCfg = Release|Any CPU
		{A3072D7A-47A7-4D76-9BDA-368C0D54FC39}.Release|x64.Build.0 = Release|Any CPU
		{A3072D7A-47A7-4D76-9BDA-368C0D54FC39}.Release|x86.ActiveCfg = Release|Any CPU
		{A3072D7A-47A7-4D76-9BDA-368C0D54FC39}.Release|x86.Build.0 = Release|Any CPU
		{07CE93AE-A79E-48C3-AC13-22E8FE81ED26}.Debug|Any CPU.ActiveCfg = Debug|x86
		{07CE93AE-A79E-48C3-AC13-22E8FE81ED26}.Debug|ARM.ActiveCfg = Debug|ARM
		{07CE93AE-A79E-48C3-AC13-22E8FE81ED26}.Debug|ARM.Build.0 = Debug|ARM
		{07CE93AE-A79E-48C3-AC13-22E8FE81ED26}.Debug|ARM.Deploy.0 = Debug|ARM
		{07CE93AE-A79E-48C3-AC13-22E8FE81ED26}.Debug|ARM64.ActiveCfg = Debug|ARM64
		{07CE93AE-A79E-48C3-AC13-22E8FE81ED26}.Debug|ARM64.Build.0 = Debug|ARM64
		{07CE93AE-A79E-48C3-AC13-22E8FE81ED26}.Debug|ARM64.Deploy.0 = Debug|ARM64
		{07CE93AE-A79E-48C3-AC13-22E8FE81ED26}.Debug|x64.ActiveCfg = Debug|x64
		{07CE93AE-A79E-48C3-AC13-22E8FE81ED26}.Debug|x64.Build.0 = Debug|x64
		{07CE93AE-A79E-48C3-AC13-22E8FE81ED26}.Debug|x64.Deploy.0 = Debug|x64
		{07CE93AE-A79E-48C3-AC13-22E8FE81ED26}.Debug|x86.ActiveCfg = Debug|x86
		{07CE93AE-A79E-48C3-AC13-22E8FE81ED26}.Debug|x86.Build.0 = Debug|x86
		{07CE93AE-A79E-48C3-AC13-22E8FE81ED26}.Debug|x86.Deploy.0 = Debug|x86
		{07CE93AE-A79E-48C3-AC13-22E8FE81ED26}.Release|Any CPU.ActiveCfg = Release|x86
		{07CE93AE-A79E-48C3-AC13-22E8FE81ED26}.Release|ARM.ActiveCfg = Release|ARM
		{07CE93AE-A79E-48C3-AC13-22E8FE81ED26}.Release|ARM.Build.0 = Release|ARM
		{07CE93AE-A79E-48C3-AC13-22E8FE81ED26}.Release|ARM.Deploy.0 = Release|ARM
		{07CE93AE-A79E-48C3-AC13-22E8FE81ED26}.Release|ARM64.ActiveCfg = Release|ARM64
		{07CE93AE-A79E-48C3-AC13-22E8FE81ED26}.Release|ARM64.Build.0 = Release|ARM64
		{07CE93AE-A79E-48C3-AC13-22E8FE81ED26}.Release|ARM64.Deploy.0 = Release|ARM64
		{07CE93AE-A79E-48C3-AC13-22E8FE81ED26}.Release|x64.ActiveCfg = Release|x64
		{07CE93AE-A79E-48C3-AC13-22E8FE81ED26}.Release|x64.Build.0 = Release|x64
		{07CE93AE-A79E-48C3-AC13-22E8FE81ED26}.Release|x64.Deploy.0 = Release|x64
		{07CE93AE-A79E-48C3-AC13-22E8FE81ED26}.Release|x86.ActiveCfg = Release|x86
		{07CE93AE-A79E-48C3-AC13-22E8FE81ED26}.Release|x86.Build.0 = Release|x86
		{07CE93AE-A79E-48C3-AC13-22E8FE81ED26}.Release|x86.Deploy.0 = Release|x86
		{FF196F60-20E7-4851-8659-3937BAD549A3}.Debug|Any CPU.ActiveCfg = Debug|Any CPU
		{FF196F60-20E7-4851-8659-3937BAD549A3}.Debug|ARM.ActiveCfg = Debug|Any CPU
		{FF196F60-20E7-4851-8659-3937BAD549A3}.Debug|ARM.Build.0 = Debug|Any CPU
		{FF196F60-20E7-4851-8659-3937BAD549A3}.Debug|ARM64.ActiveCfg = Debug|Any CPU
		{FF196F60-20E7-4851-8659-3937BAD549A3}.Debug|ARM64.Build.0 = Debug|Any CPU
		{FF196F60-20E7-4851-8659-3937BAD549A3}.Debug|x64.ActiveCfg = Debug|Any CPU
		{FF196F60-20E7-4851-8659-3937BAD549A3}.Debug|x64.Build.0 = Debug|Any CPU
		{FF196F60-20E7-4851-8659-3937BAD549A3}.Debug|x86.ActiveCfg = Debug|Any CPU
		{FF196F60-20E7-4851-8659-3937BAD549A3}.Debug|x86.Build.0 = Debug|Any CPU
		{FF196F60-20E7-4851-8659-3937BAD549A3}.Release|Any CPU.ActiveCfg = Release|Any CPU
		{FF196F60-20E7-4851-8659-3937BAD549A3}.Release|Any CPU.Build.0 = Release|Any CPU
		{FF196F60-20E7-4851-8659-3937BAD549A3}.Release|ARM.ActiveCfg = Release|Any CPU
		{FF196F60-20E7-4851-8659-3937BAD549A3}.Release|ARM.Build.0 = Release|Any CPU
		{FF196F60-20E7-4851-8659-3937BAD549A3}.Release|ARM64.ActiveCfg = Release|Any CPU
		{FF196F60-20E7-4851-8659-3937BAD549A3}.Release|ARM64.Build.0 = Release|Any CPU
		{FF196F60-20E7-4851-8659-3937BAD549A3}.Release|x64.ActiveCfg = Release|Any CPU
		{FF196F60-20E7-4851-8659-3937BAD549A3}.Release|x64.Build.0 = Release|Any CPU
		{FF196F60-20E7-4851-8659-3937BAD549A3}.Release|x86.ActiveCfg = Release|Any CPU
		{FF196F60-20E7-4851-8659-3937BAD549A3}.Release|x86.Build.0 = Release|Any CPU
		{ABE14596-A71D-4EB6-B579-86008379CEDD}.Debug|Any CPU.ActiveCfg = Debug|Any CPU
		{ABE14596-A71D-4EB6-B579-86008379CEDD}.Debug|Any CPU.Build.0 = Debug|Any CPU
		{ABE14596-A71D-4EB6-B579-86008379CEDD}.Debug|ARM.ActiveCfg = Debug|Any CPU
		{ABE14596-A71D-4EB6-B579-86008379CEDD}.Debug|ARM.Build.0 = Debug|Any CPU
		{ABE14596-A71D-4EB6-B579-86008379CEDD}.Debug|ARM64.ActiveCfg = Debug|Any CPU
		{ABE14596-A71D-4EB6-B579-86008379CEDD}.Debug|ARM64.Build.0 = Debug|Any CPU
		{ABE14596-A71D-4EB6-B579-86008379CEDD}.Debug|x64.ActiveCfg = Debug|Any CPU
		{ABE14596-A71D-4EB6-B579-86008379CEDD}.Debug|x64.Build.0 = Debug|Any CPU
		{ABE14596-A71D-4EB6-B579-86008379CEDD}.Debug|x86.ActiveCfg = Debug|Any CPU
		{ABE14596-A71D-4EB6-B579-86008379CEDD}.Debug|x86.Build.0 = Debug|Any CPU
		{ABE14596-A71D-4EB6-B579-86008379CEDD}.Release|Any CPU.ActiveCfg = Release|Any CPU
		{ABE14596-A71D-4EB6-B579-86008379CEDD}.Release|Any CPU.Build.0 = Release|Any CPU
		{ABE14596-A71D-4EB6-B579-86008379CEDD}.Release|ARM.ActiveCfg = Release|Any CPU
		{ABE14596-A71D-4EB6-B579-86008379CEDD}.Release|ARM.Build.0 = Release|Any CPU
		{ABE14596-A71D-4EB6-B579-86008379CEDD}.Release|ARM64.ActiveCfg = Release|Any CPU
		{ABE14596-A71D-4EB6-B579-86008379CEDD}.Release|ARM64.Build.0 = Release|Any CPU
		{ABE14596-A71D-4EB6-B579-86008379CEDD}.Release|x64.ActiveCfg = Release|Any CPU
		{ABE14596-A71D-4EB6-B579-86008379CEDD}.Release|x64.Build.0 = Release|Any CPU
		{ABE14596-A71D-4EB6-B579-86008379CEDD}.Release|x86.ActiveCfg = Release|Any CPU
		{ABE14596-A71D-4EB6-B579-86008379CEDD}.Release|x86.Build.0 = Release|Any CPU
		{1EF30DB7-F73F-4055-B666-E9CCA41A0DF9}.Debug|Any CPU.ActiveCfg = Debug|Any CPU
		{1EF30DB7-F73F-4055-B666-E9CCA41A0DF9}.Debug|Any CPU.Build.0 = Debug|Any CPU
		{1EF30DB7-F73F-4055-B666-E9CCA41A0DF9}.Debug|ARM.ActiveCfg = Debug|Any CPU
		{1EF30DB7-F73F-4055-B666-E9CCA41A0DF9}.Debug|ARM.Build.0 = Debug|Any CPU
		{1EF30DB7-F73F-4055-B666-E9CCA41A0DF9}.Debug|ARM64.ActiveCfg = Debug|Any CPU
		{1EF30DB7-F73F-4055-B666-E9CCA41A0DF9}.Debug|ARM64.Build.0 = Debug|Any CPU
		{1EF30DB7-F73F-4055-B666-E9CCA41A0DF9}.Debug|x64.ActiveCfg = Debug|Any CPU
		{1EF30DB7-F73F-4055-B666-E9CCA41A0DF9}.Debug|x64.Build.0 = Debug|Any CPU
		{1EF30DB7-F73F-4055-B666-E9CCA41A0DF9}.Debug|x86.ActiveCfg = Debug|Any CPU
		{1EF30DB7-F73F-4055-B666-E9CCA41A0DF9}.Debug|x86.Build.0 = Debug|Any CPU
		{1EF30DB7-F73F-4055-B666-E9CCA41A0DF9}.Release|Any CPU.ActiveCfg = Release|Any CPU
		{1EF30DB7-F73F-4055-B666-E9CCA41A0DF9}.Release|Any CPU.Build.0 = Release|Any CPU
		{1EF30DB7-F73F-4055-B666-E9CCA41A0DF9}.Release|ARM.ActiveCfg = Release|Any CPU
		{1EF30DB7-F73F-4055-B666-E9CCA41A0DF9}.Release|ARM.Build.0 = Release|Any CPU
		{1EF30DB7-F73F-4055-B666-E9CCA41A0DF9}.Release|ARM64.ActiveCfg = Release|Any CPU
		{1EF30DB7-F73F-4055-B666-E9CCA41A0DF9}.Release|ARM64.Build.0 = Release|Any CPU
		{1EF30DB7-F73F-4055-B666-E9CCA41A0DF9}.Release|x64.ActiveCfg = Release|Any CPU
		{1EF30DB7-F73F-4055-B666-E9CCA41A0DF9}.Release|x64.Build.0 = Release|Any CPU
		{1EF30DB7-F73F-4055-B666-E9CCA41A0DF9}.Release|x86.ActiveCfg = Release|Any CPU
		{1EF30DB7-F73F-4055-B666-E9CCA41A0DF9}.Release|x86.Build.0 = Release|Any CPU
		{0CD34A44-F3FE-4633-B0EB-FAD559429096}.Debug|Any CPU.ActiveCfg = Debug|Any CPU
		{0CD34A44-F3FE-4633-B0EB-FAD559429096}.Debug|ARM.ActiveCfg = Debug|Any CPU
		{0CD34A44-F3FE-4633-B0EB-FAD559429096}.Debug|ARM.Build.0 = Debug|Any CPU
		{0CD34A44-F3FE-4633-B0EB-FAD559429096}.Debug|ARM64.ActiveCfg = Debug|Any CPU
		{0CD34A44-F3FE-4633-B0EB-FAD559429096}.Debug|ARM64.Build.0 = Debug|Any CPU
		{0CD34A44-F3FE-4633-B0EB-FAD559429096}.Debug|x64.ActiveCfg = Debug|Any CPU
		{0CD34A44-F3FE-4633-B0EB-FAD559429096}.Debug|x64.Build.0 = Debug|Any CPU
		{0CD34A44-F3FE-4633-B0EB-FAD559429096}.Debug|x86.ActiveCfg = Debug|Any CPU
		{0CD34A44-F3FE-4633-B0EB-FAD559429096}.Debug|x86.Build.0 = Debug|Any CPU
		{0CD34A44-F3FE-4633-B0EB-FAD559429096}.Release|Any CPU.ActiveCfg = Release|Any CPU
		{0CD34A44-F3FE-4633-B0EB-FAD559429096}.Release|Any CPU.Build.0 = Release|Any CPU
		{0CD34A44-F3FE-4633-B0EB-FAD559429096}.Release|ARM.ActiveCfg = Release|Any CPU
		{0CD34A44-F3FE-4633-B0EB-FAD559429096}.Release|ARM.Build.0 = Release|Any CPU
		{0CD34A44-F3FE-4633-B0EB-FAD559429096}.Release|ARM64.ActiveCfg = Release|Any CPU
		{0CD34A44-F3FE-4633-B0EB-FAD559429096}.Release|ARM64.Build.0 = Release|Any CPU
		{0CD34A44-F3FE-4633-B0EB-FAD559429096}.Release|x64.ActiveCfg = Release|Any CPU
		{0CD34A44-F3FE-4633-B0EB-FAD559429096}.Release|x64.Build.0 = Release|Any CPU
		{0CD34A44-F3FE-4633-B0EB-FAD559429096}.Release|x86.ActiveCfg = Release|Any CPU
		{0CD34A44-F3FE-4633-B0EB-FAD559429096}.Release|x86.Build.0 = Release|Any CPU
		{2ADECF8C-2079-422A-858C-8668B41F7FCB}.Debug|Any CPU.ActiveCfg = Debug|Any CPU
		{2ADECF8C-2079-422A-858C-8668B41F7FCB}.Debug|Any CPU.Build.0 = Debug|Any CPU
		{2ADECF8C-2079-422A-858C-8668B41F7FCB}.Debug|ARM.ActiveCfg = Debug|Any CPU
		{2ADECF8C-2079-422A-858C-8668B41F7FCB}.Debug|ARM.Build.0 = Debug|Any CPU
		{2ADECF8C-2079-422A-858C-8668B41F7FCB}.Debug|ARM64.ActiveCfg = Debug|Any CPU
		{2ADECF8C-2079-422A-858C-8668B41F7FCB}.Debug|ARM64.Build.0 = Debug|Any CPU
		{2ADECF8C-2079-422A-858C-8668B41F7FCB}.Debug|x64.ActiveCfg = Debug|Any CPU
		{2ADECF8C-2079-422A-858C-8668B41F7FCB}.Debug|x64.Build.0 = Debug|Any CPU
		{2ADECF8C-2079-422A-858C-8668B41F7FCB}.Debug|x86.ActiveCfg = Debug|Any CPU
		{2ADECF8C-2079-422A-858C-8668B41F7FCB}.Debug|x86.Build.0 = Debug|Any CPU
		{2ADECF8C-2079-422A-858C-8668B41F7FCB}.Release|Any CPU.ActiveCfg = Release|Any CPU
		{2ADECF8C-2079-422A-858C-8668B41F7FCB}.Release|Any CPU.Build.0 = Release|Any CPU
		{2ADECF8C-2079-422A-858C-8668B41F7FCB}.Release|ARM.ActiveCfg = Release|Any CPU
		{2ADECF8C-2079-422A-858C-8668B41F7FCB}.Release|ARM.Build.0 = Release|Any CPU
		{2ADECF8C-2079-422A-858C-8668B41F7FCB}.Release|ARM64.ActiveCfg = Release|Any CPU
		{2ADECF8C-2079-422A-858C-8668B41F7FCB}.Release|ARM64.Build.0 = Release|Any CPU
		{2ADECF8C-2079-422A-858C-8668B41F7FCB}.Release|x64.ActiveCfg = Release|Any CPU
		{2ADECF8C-2079-422A-858C-8668B41F7FCB}.Release|x64.Build.0 = Release|Any CPU
		{2ADECF8C-2079-422A-858C-8668B41F7FCB}.Release|x86.ActiveCfg = Release|Any CPU
		{2ADECF8C-2079-422A-858C-8668B41F7FCB}.Release|x86.Build.0 = Release|Any CPU
		{75BAD8A9-C24A-4077-9DEF-1CA15A18B778}.Debug|Any CPU.ActiveCfg = Debug|Any CPU
		{75BAD8A9-C24A-4077-9DEF-1CA15A18B778}.Debug|Any CPU.Build.0 = Debug|Any CPU
		{75BAD8A9-C24A-4077-9DEF-1CA15A18B778}.Debug|ARM.ActiveCfg = Debug|Any CPU
		{75BAD8A9-C24A-4077-9DEF-1CA15A18B778}.Debug|ARM.Build.0 = Debug|Any CPU
		{75BAD8A9-C24A-4077-9DEF-1CA15A18B778}.Debug|ARM64.ActiveCfg = Debug|Any CPU
		{75BAD8A9-C24A-4077-9DEF-1CA15A18B778}.Debug|ARM64.Build.0 = Debug|Any CPU
		{75BAD8A9-C24A-4077-9DEF-1CA15A18B778}.Debug|x64.ActiveCfg = Debug|Any CPU
		{75BAD8A9-C24A-4077-9DEF-1CA15A18B778}.Debug|x64.Build.0 = Debug|Any CPU
		{75BAD8A9-C24A-4077-9DEF-1CA15A18B778}.Debug|x86.ActiveCfg = Debug|Any CPU
		{75BAD8A9-C24A-4077-9DEF-1CA15A18B778}.Debug|x86.Build.0 = Debug|Any CPU
		{75BAD8A9-C24A-4077-9DEF-1CA15A18B778}.Release|Any CPU.ActiveCfg = Release|Any CPU
		{75BAD8A9-C24A-4077-9DEF-1CA15A18B778}.Release|Any CPU.Build.0 = Release|Any CPU
		{75BAD8A9-C24A-4077-9DEF-1CA15A18B778}.Release|ARM.ActiveCfg = Release|Any CPU
		{75BAD8A9-C24A-4077-9DEF-1CA15A18B778}.Release|ARM.Build.0 = Release|Any CPU
		{75BAD8A9-C24A-4077-9DEF-1CA15A18B778}.Release|ARM64.ActiveCfg = Release|Any CPU
		{75BAD8A9-C24A-4077-9DEF-1CA15A18B778}.Release|ARM64.Build.0 = Release|Any CPU
		{75BAD8A9-C24A-4077-9DEF-1CA15A18B778}.Release|x64.ActiveCfg = Release|Any CPU
		{75BAD8A9-C24A-4077-9DEF-1CA15A18B778}.Release|x64.Build.0 = Release|Any CPU
		{75BAD8A9-C24A-4077-9DEF-1CA15A18B778}.Release|x86.ActiveCfg = Release|Any CPU
		{75BAD8A9-C24A-4077-9DEF-1CA15A18B778}.Release|x86.Build.0 = Release|Any CPU
		{EB66AE7B-FE26-41CB-80AA-A07CD5509CA0}.Debug|Any CPU.ActiveCfg = Debug|Any CPU
		{EB66AE7B-FE26-41CB-80AA-A07CD5509CA0}.Debug|Any CPU.Build.0 = Debug|Any CPU
		{EB66AE7B-FE26-41CB-80AA-A07CD5509CA0}.Debug|ARM.ActiveCfg = Debug|Any CPU
		{EB66AE7B-FE26-41CB-80AA-A07CD5509CA0}.Debug|ARM.Build.0 = Debug|Any CPU
		{EB66AE7B-FE26-41CB-80AA-A07CD5509CA0}.Debug|ARM64.ActiveCfg = Debug|Any CPU
		{EB66AE7B-FE26-41CB-80AA-A07CD5509CA0}.Debug|ARM64.Build.0 = Debug|Any CPU
		{EB66AE7B-FE26-41CB-80AA-A07CD5509CA0}.Debug|x64.ActiveCfg = Debug|Any CPU
		{EB66AE7B-FE26-41CB-80AA-A07CD5509CA0}.Debug|x64.Build.0 = Debug|Any CPU
		{EB66AE7B-FE26-41CB-80AA-A07CD5509CA0}.Debug|x86.ActiveCfg = Debug|Any CPU
		{EB66AE7B-FE26-41CB-80AA-A07CD5509CA0}.Debug|x86.Build.0 = Debug|Any CPU
		{EB66AE7B-FE26-41CB-80AA-A07CD5509CA0}.Release|Any CPU.ActiveCfg = Release|Any CPU
		{EB66AE7B-FE26-41CB-80AA-A07CD5509CA0}.Release|Any CPU.Build.0 = Release|Any CPU
		{EB66AE7B-FE26-41CB-80AA-A07CD5509CA0}.Release|ARM.ActiveCfg = Release|Any CPU
		{EB66AE7B-FE26-41CB-80AA-A07CD5509CA0}.Release|ARM.Build.0 = Release|Any CPU
		{EB66AE7B-FE26-41CB-80AA-A07CD5509CA0}.Release|ARM64.ActiveCfg = Release|Any CPU
		{EB66AE7B-FE26-41CB-80AA-A07CD5509CA0}.Release|ARM64.Build.0 = Release|Any CPU
		{EB66AE7B-FE26-41CB-80AA-A07CD5509CA0}.Release|x64.ActiveCfg = Release|Any CPU
		{EB66AE7B-FE26-41CB-80AA-A07CD5509CA0}.Release|x64.Build.0 = Release|Any CPU
		{EB66AE7B-FE26-41CB-80AA-A07CD5509CA0}.Release|x86.ActiveCfg = Release|Any CPU
		{EB66AE7B-FE26-41CB-80AA-A07CD5509CA0}.Release|x86.Build.0 = Release|Any CPU
		{27441013-4BFB-4E4C-84BA-AF4A61170E18}.Debug|Any CPU.ActiveCfg = Debug|Any CPU
		{27441013-4BFB-4E4C-84BA-AF4A61170E18}.Debug|Any CPU.Build.0 = Debug|Any CPU
		{27441013-4BFB-4E4C-84BA-AF4A61170E18}.Debug|ARM.ActiveCfg = Debug|Any CPU
		{27441013-4BFB-4E4C-84BA-AF4A61170E18}.Debug|ARM.Build.0 = Debug|Any CPU
		{27441013-4BFB-4E4C-84BA-AF4A61170E18}.Debug|ARM64.ActiveCfg = Debug|Any CPU
		{27441013-4BFB-4E4C-84BA-AF4A61170E18}.Debug|ARM64.Build.0 = Debug|Any CPU
		{27441013-4BFB-4E4C-84BA-AF4A61170E18}.Debug|x64.ActiveCfg = Debug|Any CPU
		{27441013-4BFB-4E4C-84BA-AF4A61170E18}.Debug|x64.Build.0 = Debug|Any CPU
		{27441013-4BFB-4E4C-84BA-AF4A61170E18}.Debug|x86.ActiveCfg = Debug|Any CPU
		{27441013-4BFB-4E4C-84BA-AF4A61170E18}.Debug|x86.Build.0 = Debug|Any CPU
		{27441013-4BFB-4E4C-84BA-AF4A61170E18}.Release|Any CPU.ActiveCfg = Release|Any CPU
		{27441013-4BFB-4E4C-84BA-AF4A61170E18}.Release|Any CPU.Build.0 = Release|Any CPU
		{27441013-4BFB-4E4C-84BA-AF4A61170E18}.Release|ARM.ActiveCfg = Release|Any CPU
		{27441013-4BFB-4E4C-84BA-AF4A61170E18}.Release|ARM.Build.0 = Release|Any CPU
		{27441013-4BFB-4E4C-84BA-AF4A61170E18}.Release|ARM64.ActiveCfg = Release|Any CPU
		{27441013-4BFB-4E4C-84BA-AF4A61170E18}.Release|ARM64.Build.0 = Release|Any CPU
		{27441013-4BFB-4E4C-84BA-AF4A61170E18}.Release|x64.ActiveCfg = Release|Any CPU
		{27441013-4BFB-4E4C-84BA-AF4A61170E18}.Release|x64.Build.0 = Release|Any CPU
		{27441013-4BFB-4E4C-84BA-AF4A61170E18}.Release|x86.ActiveCfg = Release|Any CPU
		{27441013-4BFB-4E4C-84BA-AF4A61170E18}.Release|x86.Build.0 = Release|Any CPU
	EndGlobalSection
	GlobalSection(SolutionProperties) = preSolution
		HideSolutionNode = FALSE
	EndGlobalSection
	GlobalSection(NestedProjects) = preSolution
		{2EA9138F-C030-4999-9EB6-A8D42B2748AA} = {04EA7971-EC27-4A73-AD70-76D6289DD1FB}
		{A3072D7A-47A7-4D76-9BDA-368C0D54FC39} = {84502F98-8F17-48FA-A5FE-1605A8A24CFF}
		{07CE93AE-A79E-48C3-AC13-22E8FE81ED26} = {84502F98-8F17-48FA-A5FE-1605A8A24CFF}
		{FF196F60-20E7-4851-8659-3937BAD549A3} = {84502F98-8F17-48FA-A5FE-1605A8A24CFF}
		{ABE14596-A71D-4EB6-B579-86008379CEDD} = {0D9C0E43-F30F-41DB-87E5-0D150CE09A65}
		{1EF30DB7-F73F-4055-B666-E9CCA41A0DF9} = {0D9C0E43-F30F-41DB-87E5-0D150CE09A65}
		{0CD34A44-F3FE-4633-B0EB-FAD559429096} = {6E22773B-D9AD-4E36-9463-3605FFFDFCC2}
		{2ADECF8C-2079-422A-858C-8668B41F7FCB} = {6E22773B-D9AD-4E36-9463-3605FFFDFCC2}
		{75BAD8A9-C24A-4077-9DEF-1CA15A18B778} = {0D3C8931-B208-451C-8F85-8670EA1B46C2}
		{EB66AE7B-FE26-41CB-80AA-A07CD5509CA0} = {DFF776EB-24D4-4E2A-AAF6-DB42BA9C8E49}
		{27441013-4BFB-4E4C-84BA-AF4A61170E18} = {DFF776EB-24D4-4E2A-AAF6-DB42BA9C8E49}
	EndGlobalSection
	GlobalSection(ExtensibilityGlobals) = postSolution
		SolutionGuid = {7668E37E-6452-48C7-8032-A35C4DCCD4F6}
	EndGlobalSection
EndGlobal
