Microsoft Visual Studio Solution File, Format Version 12.00
# Visual Studio Version 17
VisualStudioVersion = 17.1.32120.378
MinimumVisualStudioVersion = 10.0.40219.1
Project("{9A19103F-16F7-4668-BE54-9A1E7A4F7556}") = "cdeSensorTemplate", "Libraries\152 - TheSensorTemplate\TheSensorTemplate\cdeSensorTemplate.csproj", "{EBA221C1-B2D1-4001-9AD6-8DCD10EE302A}"
EndProject
Project("{9A19103F-16F7-4668-BE54-9A1E7A4F7556}") = "cdeCSVFileParserShared", "Libraries\110 - File Monitor\TheCSVFileParser\cdeCSVFileParserShared.csproj", "{FA29E83A-5184-4315-894A-6A07B95FFD20}"
EndProject
Project("{9A19103F-16F7-4668-BE54-9A1E7A4F7556}") = "CDEMeshManagerContractsShared", "MessageContracts\071 - C-MyMeshManager\TheMeshManagerContracts\CDEMeshManagerContractsShared.csproj", "{19B834C0-0A48-42BB-B538-A556BADFA1DE}"
EndProject
Project("{2150E333-8FDC-42A3-9474-1A3956D46DE8}") = "_Build", "_Build", "{7D441A72-A796-4DC8-8E00-732C7B6F65AE}"
	ProjectSection(SolutionItems) = preProject
		..\.gitignore = ..\.gitignore
		..\Directory.Build.props = ..\Directory.Build.props
		..\Directory.Build.targets = ..\Directory.Build.targets
		..\.github\workflows\dotnetcore.yml = ..\.github\workflows\dotnetcore.yml
		..\GitVersion.yml = ..\GitVersion.yml
		..\NuGet.config = ..\NuGet.config
	EndProjectSection
EndProject
Project("{2150E333-8FDC-42A3-9474-1A3956D46DE8}") = "Tools", "Tools", "{85560D2C-AD99-4FDA-81F3-EDCC8FBBD036}"
	ProjectSection(SolutionItems) = preProject
		..\BuildTools\README.md = ..\BuildTools\README.md
		..\BuildTools\SignAndPackage.cmd = ..\BuildTools\SignAndPackage.cmd
		..\BuildTools\SignAndPackageS.cmd = ..\BuildTools\SignAndPackageS.cmd
		..\BuildTools\signMeSha.bat = ..\BuildTools\signMeSha.bat
	EndProjectSection
EndProject
Project("{2150E333-8FDC-42A3-9474-1A3956D46DE8}") = "_Licenses", "_Licenses", "{7BF62557-27C8-4A2B-9A5D-2E8459579695}"
	ProjectSection(SolutionItems) = preProject
		..\.reuse\dep5 = ..\.reuse\dep5
		..\LICENSE = ..\LICENSE
		..\LICENSES\MPL-2.0.txt = ..\LICENSES\MPL-2.0.txt
	EndProjectSection
EndProject
Project("{2150E333-8FDC-42A3-9474-1A3956D46DE8}") = "Libraries", "Libraries", "{BE921EAC-572E-4DF4-824B-33DE6F58BA52}"
EndProject
Project("{2150E333-8FDC-42A3-9474-1A3956D46DE8}") = "MessageContracts", "MessageContracts", "{ED82BA02-E0A9-4935-BCCC-C3FAD112A4CB}"
EndProject
Project("{D954291E-2A0B-460D-934E-DC6B0785DB48}") = "MyOPCUAClientAPI", "MessageContracts\078 - CDMyOPCUAClient\APIs\MyOPCUAClientAPI\MyOPCUAClientAPI.shproj", "{9469B76A-32E9-4917-A9B5-E133E0666CC7}"
EndProject
Project("{D954291E-2A0B-460D-934E-DC6B0785DB48}") = "MyOPCUAClientContracts", "MessageContracts\078 - CDMyOPCUAClient\APIs\MyOPCUAClientContracts\MyOPCUAClientContracts.shproj", "{56DD1F1C-6644-4298-A132-C3254096B72E}"
EndProject
Project("{D954291E-2A0B-460D-934E-DC6B0785DB48}") = "TheCommonMessageContracts", "MessageContracts\144 - TheCommonMessageContracts\TheCommonMessageContracts\TheCommonMessageContracts.shproj", "{5B124834-F6F1-493D-9B3E-FF0F072F8183}"
EndProject
Project("{2150E333-8FDC-42A3-9474-1A3956D46DE8}") = "VSTemplates", "VSTemplates", "{0E73ECE9-B340-4AA3-9A18-BE10AC15CF84}"
EndProject
Project("{FAE04EC0-301F-11D3-BF4B-00C04F79EFBC}") = "Item.cdeConnectedThingBase", "CDEngineSDKTemplates\CDEngineSDKTemplates.Item.cdeConnectedThingBase\Item.cdeConnectedThingBase.csproj", "{D31B43A2-D081-40B3-8CA9-035BF7F8F464}"
EndProject
Project("{FAE04EC0-301F-11D3-BF4B-00C04F79EFBC}") = "Item.cdePluginService", "CDEngineSDKTemplates\CDEngineSDKTemplates.Item.cdePluginService\Item.cdePluginService.csproj", "{83EEABD3-3CCF-48AA-BB33-EF66FF09E8CC}"
EndProject
Project("{FAE04EC0-301F-11D3-BF4B-00C04F79EFBC}") = "Item.cdePluginServiceWithThings", "CDEngineSDKTemplates\CDEngineSDKTemplates.Item.cdePluginServiceWithThings\Item.cdePluginServiceWithThings.csproj", "{7A0CAACB-7DB3-4113-A0B5-E96A58CB26E6}"
EndProject
Project("{FAE04EC0-301F-11D3-BF4B-00C04F79EFBC}") = "Item.cdeThing", "CDEngineSDKTemplates\CDEngineSDKTemplates.Item.cdeThing\Item.cdeThing.csproj", "{549A63EA-54E1-4CDB-8C62-AB7367A21018}"
EndProject
Project("{FAE04EC0-301F-11D3-BF4B-00C04F79EFBC}") = "Project.cdeHostNetCoreProject", "CDEngineSDKTemplates\CDEngineSDKTemplates.project.cdeHostNetCoreProject\Project.cdeHostNetCoreProject.csproj", "{55871729-710C-4B7E-8A40-8572D30B9698}"
EndProject
Project("{FAE04EC0-301F-11D3-BF4B-00C04F79EFBC}") = "VsixBuilder", "CDEngineSDKTemplates\VsixBuilder\VsixBuilder.csproj", "{A5F76195-69B1-4E7F-BFE5-05A76EF2963E}"
EndProject
Project("{FAE04EC0-301F-11D3-BF4B-00C04F79EFBC}") = "Project.cdeAppHostWinForms", "CDEngineSDKTemplates\CDEngineSDKTemplates.project.cdeHostWinForms\Project.cdeAppHostWinForms.csproj", "{85351BFA-67F1-4394-A883-328F49587D6E}"
EndProject
Project("{FAE04EC0-301F-11D3-BF4B-00C04F79EFBC}") = "Project.CDMyHelloWorldPlugin", "CDEngineSDKTemplates\CDEngineSDKTemplates.project.CDMyHelloWorldPlugin\Project.CDMyHelloWorldPlugin.csproj", "{421320D7-2627-4319-901E-ED399408C8A6}"
EndProject
Project("{FAE04EC0-301F-11D3-BF4B-00C04F79EFBC}") = "Item.cdeEnergyThingBase", "CDEngineSDKTemplates\CDEngineSDKTemplates.Item.cdeEnergyThingBase\Item.cdeEnergyThingBase.csproj", "{AC4BEFDA-BC10-466C-8469-2D9B219709F2}"
EndProject
Project("{2150E333-8FDC-42A3-9474-1A3956D46DE8}") = "_Readme", "_Readme", "{9CEE4304-9DF7-4B75-83C6-F9A2C2CD1715}"
	ProjectSection(SolutionItems) = preProject
		..\README.md = ..\README.md
	EndProjectSection
EndProject
Project("{9A19103F-16F7-4668-BE54-9A1E7A4F7556}") = "cdeOPCUAClientAPI", "MessageContracts\078 - CDMyOPCUAClient\APIs\MyOPCUAClientAPI\cdeOPCUAClientAPI.csproj", "{37F9AF8F-D273-4A2B-972A-957E045BD4ED}"
EndProject
Project("{9A19103F-16F7-4668-BE54-9A1E7A4F7556}") = "cdeOPCUAClientContractsShared", "MessageContracts\078 - CDMyOPCUAClient\APIs\MyOPCUAClientContracts\cdeOPCUAClientContractsShared.csproj", "{66D00BE3-11EF-4C7F-8643-80EFA08BE3AF}"
EndProject
Project("{D954291E-2A0B-460D-934E-DC6B0785DB48}") = "TheConnectionBase", "Libraries\185 - SenderAndReceiverBase\TheConnectionBase\TheConnectionBase.shproj", "{9C8CC825-09B6-4320-A34B-22029F085012}"
EndProject
Project("{D954291E-2A0B-460D-934E-DC6B0785DB48}") = "TheEventConverters", "Libraries\185 - SenderAndReceiverBase\TheEventConverters\TheEventConverters.shproj", "{4652F20E-C456-4536-8D2F-85C2422CFC58}"
EndProject
Project("{D954291E-2A0B-460D-934E-DC6B0785DB48}") = "TheReceiverBase", "Libraries\185 - SenderAndReceiverBase\TheReceiverBase\TheReceiverBase.shproj", "{D2FB39C4-E828-4184-8E3B-342F61CB154F}"
EndProject
Project("{D954291E-2A0B-460D-934E-DC6B0785DB48}") = "TheSenderBase", "Libraries\185 - SenderAndReceiverBase\TheSenderBase\TheSenderBase.shproj", "{EA4FFFBC-C803-4B10-BA13-1587A1FC0F06}"
EndProject
Project("{D954291E-2A0B-460D-934E-DC6B0785DB48}") = "TheThingMatcher", "Libraries\185 - SenderAndReceiverBase\TheThingMatcher\TheThingMatcher.shproj", "{3CDEDA4C-C6D3-4255-9324-475E6764431A}"
EndProject
Project("{9A19103F-16F7-4668-BE54-9A1E7A4F7556}") = "cdeReceiverBaseShared", "Libraries\185 - SenderAndReceiverBase\TheReceiverBase\cdeReceiverBaseShared.csproj", "{845AC2C7-F95A-4216-B84B-75F47F374EEF}"
EndProject
Project("{9A19103F-16F7-4668-BE54-9A1E7A4F7556}") = "cdeConnectionBaseShared", "Libraries\185 - SenderAndReceiverBase\TheConnectionBase\cdeConnectionBaseShared.csproj", "{2C1F833F-B8F1-4217-9E9D-34F711860A2C}"
EndProject
Project("{9A19103F-16F7-4668-BE54-9A1E7A4F7556}") = "cdeCommonMessageContractsShared", "MessageContracts\144 - TheCommonMessageContracts\TheCommonMessageContracts\cdeCommonMessageContractsShared.csproj", "{E74183D8-CC2B-4598-ABA4-538695A1D15C}"
EndProject
Project("{9A19103F-16F7-4668-BE54-9A1E7A4F7556}") = "cdeEventConvertersShared", "Libraries\185 - SenderAndReceiverBase\TheEventConverters\cdeEventConvertersShared.csproj", "{F8A38CC0-F3EA-4A16-889D-D6C871C2F798}"
EndProject
Project("{9A19103F-16F7-4668-BE54-9A1E7A4F7556}") = "cdeSenderBaseShared", "Libraries\185 - SenderAndReceiverBase\TheSenderBase\cdeSenderBaseShared.csproj", "{73D62673-E255-48AA-894C-26180B20E323}"
EndProject
Project("{2150E333-8FDC-42A3-9474-1A3956D46DE8}") = "SenderAndReceiverBase", "SenderAndReceiverBase", "{E5DC19DA-228B-4F0E-9CF4-D3C60A6C2B62}"
EndProject
Project("{9A19103F-16F7-4668-BE54-9A1E7A4F7556}") = "cdeThingMatcherShared", "Libraries\185 - SenderAndReceiverBase\TheThingMatcher\cdeThingMatcherShared.csproj", "{0F2F7A87-9683-4E2B-BDD8-702132C3C9A8}"
EndProject
Project("{2150E333-8FDC-42A3-9474-1A3956D46DE8}") = "Tools", "Tools", "{F32A0417-74E9-4185-9538-DA83B59F7124}"
EndProject
Project("{9A19103F-16F7-4668-BE54-9A1E7A4F7556}") = "cdeLicenseTool", "Tools\cdeLicenseTool\cdeLicenseTool.csproj", "{C3287A61-CC6B-46E4-BACB-CC5A1E1581C5}"
EndProject
Project("{9A19103F-16F7-4668-BE54-9A1E7A4F7556}") = "cdeTelnetShared", "Libraries\215 - Shared Telnet\cdeTelnet\cdeTelnetShared.csproj", "{4AB3ADF1-CFDD-4F59-A740-0E09ED7296B4}"
EndProject
Project("{FAE04EC0-301F-11D3-BF4B-00C04F79EFBC}") = "Project.CDMyPlugin", "CDEngineSDKTemplates\CDEngineSDKTemplates.project.CDMyPlugin\Project.CDMyPlugin.csproj", "{3FB2F987-C1E8-4874-93B2-35B7E7E0BF13}"
EndProject
Project("{D954291E-2A0B-460D-934E-DC6B0785DB48}") = "TheWebConnect", "Libraries\199 - CDE-WebConnect\TheWebConnect\TheWebConnect.shproj", "{9CCD5C30-05CA-4FA6-98C9-E3E881C1692E}"
EndProject
Project("{9A19103F-16F7-4668-BE54-9A1E7A4F7556}") = "cdeWebConnect", "Libraries\199 - CDE-WebConnect\TheWebConnect\cdeWebConnect.csproj", "{2BA62F57-77D9-4BB7-8159-8B3D66B1CD37}"
EndProject
Project("{9A19103F-16F7-4668-BE54-9A1E7A4F7556}") = "cdeEnergyContractsShared", "MessageContracts\034 - EnergyModel\cdeEnergyData\cdeEnergyContractsShared.csproj", "{DE3D7742-BCA2-4432-AEA1-50466618A940}"
EndProject
Project("{D954291E-2A0B-460D-934E-DC6B0785DB48}") = "cdeNMIHelper", "Libraries\324 - NMIHelper\cdeNMIHelper\cdeNMIHelper.shproj", "{0A36CC69-09A8-42FB-A17E-B1EE39656F85}"
EndProject
Project("{D954291E-2A0B-460D-934E-DC6B0785DB48}") = "cdeEnergyModel", "MessageContracts\034 - EnergyModel\cdeEnergyModel\cdeEnergyModel.shproj", "{3EE1FFDA-231D-40B8-9441-EF2D3481730F}"
EndProject
Project("{2150E333-8FDC-42A3-9474-1A3956D46DE8}") = "cdePackager", "cdePackager", "{A055FA5C-A748-4450-88EA-B02E4C757335}"
	ProjectSection(SolutionItems) = preProject
		..\BuildTools\cdePackager\C-DEngine.dll = ..\BuildTools\cdePackager\C-DEngine.dll
		..\BuildTools\cdePackager\cdePackager.exe = ..\BuildTools\cdePackager\cdePackager.exe
		..\BuildTools\cdePackager\cdePackagerTask.dll = ..\BuildTools\cdePackager\cdePackagerTask.dll
	EndProjectSection
EndProject
Global
	GlobalSection(SolutionConfigurationPlatforms) = preSolution
		Debug|Any CPU = Debug|Any CPU
		Release|Any CPU = Release|Any CPU
	EndGlobalSection
	GlobalSection(ProjectConfigurationPlatforms) = postSolution
		{EBA221C1-B2D1-4001-9AD6-8DCD10EE302A}.Debug|Any CPU.ActiveCfg = Debug|Any CPU
		{EBA221C1-B2D1-4001-9AD6-8DCD10EE302A}.Debug|Any CPU.Build.0 = Debug|Any CPU
		{EBA221C1-B2D1-4001-9AD6-8DCD10EE302A}.Release|Any CPU.ActiveCfg = Release|Any CPU
		{EBA221C1-B2D1-4001-9AD6-8DCD10EE302A}.Release|Any CPU.Build.0 = Release|Any CPU
		{FA29E83A-5184-4315-894A-6A07B95FFD20}.Debug|Any CPU.ActiveCfg = Debug|Any CPU
		{FA29E83A-5184-4315-894A-6A07B95FFD20}.Debug|Any CPU.Build.0 = Debug|Any CPU
		{FA29E83A-5184-4315-894A-6A07B95FFD20}.Release|Any CPU.ActiveCfg = Release|Any CPU
		{FA29E83A-5184-4315-894A-6A07B95FFD20}.Release|Any CPU.Build.0 = Release|Any CPU
		{19B834C0-0A48-42BB-B538-A556BADFA1DE}.Debug|Any CPU.ActiveCfg = Debug|Any CPU
		{19B834C0-0A48-42BB-B538-A556BADFA1DE}.Debug|Any CPU.Build.0 = Debug|Any CPU
		{19B834C0-0A48-42BB-B538-A556BADFA1DE}.Release|Any CPU.ActiveCfg = Release|Any CPU
		{19B834C0-0A48-42BB-B538-A556BADFA1DE}.Release|Any CPU.Build.0 = Release|Any CPU
		{D31B43A2-D081-40B3-8CA9-035BF7F8F464}.Debug|Any CPU.ActiveCfg = Debug|Any CPU
		{D31B43A2-D081-40B3-8CA9-035BF7F8F464}.Debug|Any CPU.Build.0 = Debug|Any CPU
		{D31B43A2-D081-40B3-8CA9-035BF7F8F464}.Release|Any CPU.ActiveCfg = Release|Any CPU
		{83EEABD3-3CCF-48AA-BB33-EF66FF09E8CC}.Debug|Any CPU.ActiveCfg = Debug|Any CPU
		{83EEABD3-3CCF-48AA-BB33-EF66FF09E8CC}.Debug|Any CPU.Build.0 = Debug|Any CPU
		{83EEABD3-3CCF-48AA-BB33-EF66FF09E8CC}.Release|Any CPU.ActiveCfg = Release|Any CPU
		{7A0CAACB-7DB3-4113-A0B5-E96A58CB26E6}.Debug|Any CPU.ActiveCfg = Debug|Any CPU
		{7A0CAACB-7DB3-4113-A0B5-E96A58CB26E6}.Debug|Any CPU.Build.0 = Debug|Any CPU
		{7A0CAACB-7DB3-4113-A0B5-E96A58CB26E6}.Release|Any CPU.ActiveCfg = Release|Any CPU
		{549A63EA-54E1-4CDB-8C62-AB7367A21018}.Debug|Any CPU.ActiveCfg = Debug|Any CPU
		{549A63EA-54E1-4CDB-8C62-AB7367A21018}.Debug|Any CPU.Build.0 = Debug|Any CPU
		{549A63EA-54E1-4CDB-8C62-AB7367A21018}.Release|Any CPU.ActiveCfg = Release|Any CPU
		{55871729-710C-4B7E-8A40-8572D30B9698}.Debug|Any CPU.ActiveCfg = Debug|Any CPU
		{55871729-710C-4B7E-8A40-8572D30B9698}.Debug|Any CPU.Build.0 = Debug|Any CPU
		{55871729-710C-4B7E-8A40-8572D30B9698}.Release|Any CPU.ActiveCfg = Release|Any CPU
		{A5F76195-69B1-4E7F-BFE5-05A76EF2963E}.Debug|Any CPU.ActiveCfg = Debug|Any CPU
		{A5F76195-69B1-4E7F-BFE5-05A76EF2963E}.Debug|Any CPU.Build.0 = Debug|Any CPU
		{A5F76195-69B1-4E7F-BFE5-05A76EF2963E}.Release|Any CPU.ActiveCfg = Release|Any CPU
		{85351BFA-67F1-4394-A883-328F49587D6E}.Debug|Any CPU.ActiveCfg = Debug|Any CPU
		{85351BFA-67F1-4394-A883-328F49587D6E}.Debug|Any CPU.Build.0 = Debug|Any CPU
		{85351BFA-67F1-4394-A883-328F49587D6E}.Release|Any CPU.ActiveCfg = Release|Any CPU
		{421320D7-2627-4319-901E-ED399408C8A6}.Debug|Any CPU.ActiveCfg = Debug|Any CPU
		{421320D7-2627-4319-901E-ED399408C8A6}.Debug|Any CPU.Build.0 = Debug|Any CPU
		{421320D7-2627-4319-901E-ED399408C8A6}.Release|Any CPU.ActiveCfg = Release|Any CPU
		{AC4BEFDA-BC10-466C-8469-2D9B219709F2}.Debug|Any CPU.ActiveCfg = Debug|Any CPU
		{AC4BEFDA-BC10-466C-8469-2D9B219709F2}.Debug|Any CPU.Build.0 = Debug|Any CPU
		{AC4BEFDA-BC10-466C-8469-2D9B219709F2}.Release|Any CPU.ActiveCfg = Release|Any CPU
		{37F9AF8F-D273-4A2B-972A-957E045BD4ED}.Debug|Any CPU.ActiveCfg = Debug|Any CPU
		{37F9AF8F-D273-4A2B-972A-957E045BD4ED}.Debug|Any CPU.Build.0 = Debug|Any CPU
		{37F9AF8F-D273-4A2B-972A-957E045BD4ED}.Release|Any CPU.ActiveCfg = Release|Any CPU
		{37F9AF8F-D273-4A2B-972A-957E045BD4ED}.Release|Any CPU.Build.0 = Release|Any CPU
		{66D00BE3-11EF-4C7F-8643-80EFA08BE3AF}.Debug|Any CPU.ActiveCfg = Debug|Any CPU
		{66D00BE3-11EF-4C7F-8643-80EFA08BE3AF}.Debug|Any CPU.Build.0 = Debug|Any CPU
		{66D00BE3-11EF-4C7F-8643-80EFA08BE3AF}.Release|Any CPU.ActiveCfg = Release|Any CPU
		{66D00BE3-11EF-4C7F-8643-80EFA08BE3AF}.Release|Any CPU.Build.0 = Release|Any CPU
		{845AC2C7-F95A-4216-B84B-75F47F374EEF}.Debug|Any CPU.ActiveCfg = Debug|Any CPU
		{845AC2C7-F95A-4216-B84B-75F47F374EEF}.Debug|Any CPU.Build.0 = Debug|Any CPU
		{845AC2C7-F95A-4216-B84B-75F47F374EEF}.Release|Any CPU.ActiveCfg = Release|Any CPU
		{845AC2C7-F95A-4216-B84B-75F47F374EEF}.Release|Any CPU.Build.0 = Release|Any CPU
		{2C1F833F-B8F1-4217-9E9D-34F711860A2C}.Debug|Any CPU.ActiveCfg = Debug|Any CPU
		{2C1F833F-B8F1-4217-9E9D-34F711860A2C}.Debug|Any CPU.Build.0 = Debug|Any CPU
		{2C1F833F-B8F1-4217-9E9D-34F711860A2C}.Release|Any CPU.ActiveCfg = Release|Any CPU
		{2C1F833F-B8F1-4217-9E9D-34F711860A2C}.Release|Any CPU.Build.0 = Release|Any CPU
		{E74183D8-CC2B-4598-ABA4-538695A1D15C}.Debug|Any CPU.ActiveCfg = Debug|Any CPU
		{E74183D8-CC2B-4598-ABA4-538695A1D15C}.Debug|Any CPU.Build.0 = Debug|Any CPU
		{E74183D8-CC2B-4598-ABA4-538695A1D15C}.Release|Any CPU.ActiveCfg = Release|Any CPU
		{E74183D8-CC2B-4598-ABA4-538695A1D15C}.Release|Any CPU.Build.0 = Release|Any CPU
		{F8A38CC0-F3EA-4A16-889D-D6C871C2F798}.Debug|Any CPU.ActiveCfg = Debug|Any CPU
		{F8A38CC0-F3EA-4A16-889D-D6C871C2F798}.Debug|Any CPU.Build.0 = Debug|Any CPU
		{F8A38CC0-F3EA-4A16-889D-D6C871C2F798}.Release|Any CPU.ActiveCfg = Release|Any CPU
		{F8A38CC0-F3EA-4A16-889D-D6C871C2F798}.Release|Any CPU.Build.0 = Release|Any CPU
		{73D62673-E255-48AA-894C-26180B20E323}.Debug|Any CPU.ActiveCfg = Debug|Any CPU
		{73D62673-E255-48AA-894C-26180B20E323}.Debug|Any CPU.Build.0 = Debug|Any CPU
		{73D62673-E255-48AA-894C-26180B20E323}.Release|Any CPU.ActiveCfg = Release|Any CPU
		{73D62673-E255-48AA-894C-26180B20E323}.Release|Any CPU.Build.0 = Release|Any CPU
		{0F2F7A87-9683-4E2B-BDD8-702132C3C9A8}.Debug|Any CPU.ActiveCfg = Debug|Any CPU
		{0F2F7A87-9683-4E2B-BDD8-702132C3C9A8}.Debug|Any CPU.Build.0 = Debug|Any CPU
		{0F2F7A87-9683-4E2B-BDD8-702132C3C9A8}.Release|Any CPU.ActiveCfg = Release|Any CPU
		{0F2F7A87-9683-4E2B-BDD8-702132C3C9A8}.Release|Any CPU.Build.0 = Release|Any CPU
		{C3287A61-CC6B-46E4-BACB-CC5A1E1581C5}.Debug|Any CPU.ActiveCfg = Debug|Any CPU
		{C3287A61-CC6B-46E4-BACB-CC5A1E1581C5}.Debug|Any CPU.Build.0 = Debug|Any CPU
		{C3287A61-CC6B-46E4-BACB-CC5A1E1581C5}.Release|Any CPU.ActiveCfg = Release|Any CPU
		{C3287A61-CC6B-46E4-BACB-CC5A1E1581C5}.Release|Any CPU.Build.0 = Release|Any CPU
		{4AB3ADF1-CFDD-4F59-A740-0E09ED7296B4}.Debug|Any CPU.ActiveCfg = Debug|Any CPU
		{4AB3ADF1-CFDD-4F59-A740-0E09ED7296B4}.Debug|Any CPU.Build.0 = Debug|Any CPU
		{4AB3ADF1-CFDD-4F59-A740-0E09ED7296B4}.Release|Any CPU.ActiveCfg = Release|Any CPU
		{4AB3ADF1-CFDD-4F59-A740-0E09ED7296B4}.Release|Any CPU.Build.0 = Release|Any CPU
		{3FB2F987-C1E8-4874-93B2-35B7E7E0BF13}.Debug|Any CPU.ActiveCfg = Debug|Any CPU
		{3FB2F987-C1E8-4874-93B2-35B7E7E0BF13}.Debug|Any CPU.Build.0 = Debug|Any CPU
		{3FB2F987-C1E8-4874-93B2-35B7E7E0BF13}.Release|Any CPU.ActiveCfg = Release|Any CPU
		{2BA62F57-77D9-4BB7-8159-8B3D66B1CD37}.Debug|Any CPU.ActiveCfg = Debug|Any CPU
		{2BA62F57-77D9-4BB7-8159-8B3D66B1CD37}.Debug|Any CPU.Build.0 = Debug|Any CPU
		{2BA62F57-77D9-4BB7-8159-8B3D66B1CD37}.Release|Any CPU.ActiveCfg = Release|Any CPU
		{2BA62F57-77D9-4BB7-8159-8B3D66B1CD37}.Release|Any CPU.Build.0 = Release|Any CPU
		{DE3D7742-BCA2-4432-AEA1-50466618A940}.Debug|Any CPU.ActiveCfg = Debug|Any CPU
		{DE3D7742-BCA2-4432-AEA1-50466618A940}.Debug|Any CPU.Build.0 = Debug|Any CPU
		{DE3D7742-BCA2-4432-AEA1-50466618A940}.Release|Any CPU.ActiveCfg = Release|Any CPU
		{DE3D7742-BCA2-4432-AEA1-50466618A940}.Release|Any CPU.Build.0 = Release|Any CPU
	EndGlobalSection
	GlobalSection(SolutionProperties) = preSolution
		HideSolutionNode = FALSE
	EndGlobalSection
	GlobalSection(NestedProjects) = preSolution
		{EBA221C1-B2D1-4001-9AD6-8DCD10EE302A} = {BE921EAC-572E-4DF4-824B-33DE6F58BA52}
		{FA29E83A-5184-4315-894A-6A07B95FFD20} = {BE921EAC-572E-4DF4-824B-33DE6F58BA52}
		{19B834C0-0A48-42BB-B538-A556BADFA1DE} = {ED82BA02-E0A9-4935-BCCC-C3FAD112A4CB}
		{85560D2C-AD99-4FDA-81F3-EDCC8FBBD036} = {7D441A72-A796-4DC8-8E00-732C7B6F65AE}
		{9469B76A-32E9-4917-A9B5-E133E0666CC7} = {ED82BA02-E0A9-4935-BCCC-C3FAD112A4CB}
		{56DD1F1C-6644-4298-A132-C3254096B72E} = {ED82BA02-E0A9-4935-BCCC-C3FAD112A4CB}
		{5B124834-F6F1-493D-9B3E-FF0F072F8183} = {ED82BA02-E0A9-4935-BCCC-C3FAD112A4CB}
		{D31B43A2-D081-40B3-8CA9-035BF7F8F464} = {0E73ECE9-B340-4AA3-9A18-BE10AC15CF84}
		{83EEABD3-3CCF-48AA-BB33-EF66FF09E8CC} = {0E73ECE9-B340-4AA3-9A18-BE10AC15CF84}
		{7A0CAACB-7DB3-4113-A0B5-E96A58CB26E6} = {0E73ECE9-B340-4AA3-9A18-BE10AC15CF84}
		{549A63EA-54E1-4CDB-8C62-AB7367A21018} = {0E73ECE9-B340-4AA3-9A18-BE10AC15CF84}
		{55871729-710C-4B7E-8A40-8572D30B9698} = {0E73ECE9-B340-4AA3-9A18-BE10AC15CF84}
		{A5F76195-69B1-4E7F-BFE5-05A76EF2963E} = {0E73ECE9-B340-4AA3-9A18-BE10AC15CF84}
		{85351BFA-67F1-4394-A883-328F49587D6E} = {0E73ECE9-B340-4AA3-9A18-BE10AC15CF84}
		{421320D7-2627-4319-901E-ED399408C8A6} = {0E73ECE9-B340-4AA3-9A18-BE10AC15CF84}
		{AC4BEFDA-BC10-466C-8469-2D9B219709F2} = {0E73ECE9-B340-4AA3-9A18-BE10AC15CF84}
		{37F9AF8F-D273-4A2B-972A-957E045BD4ED} = {ED82BA02-E0A9-4935-BCCC-C3FAD112A4CB}
		{66D00BE3-11EF-4C7F-8643-80EFA08BE3AF} = {ED82BA02-E0A9-4935-BCCC-C3FAD112A4CB}
		{9C8CC825-09B6-4320-A34B-22029F085012} = {E5DC19DA-228B-4F0E-9CF4-D3C60A6C2B62}
		{4652F20E-C456-4536-8D2F-85C2422CFC58} = {E5DC19DA-228B-4F0E-9CF4-D3C60A6C2B62}
		{D2FB39C4-E828-4184-8E3B-342F61CB154F} = {E5DC19DA-228B-4F0E-9CF4-D3C60A6C2B62}
		{EA4FFFBC-C803-4B10-BA13-1587A1FC0F06} = {E5DC19DA-228B-4F0E-9CF4-D3C60A6C2B62}
		{3CDEDA4C-C6D3-4255-9324-475E6764431A} = {E5DC19DA-228B-4F0E-9CF4-D3C60A6C2B62}
		{845AC2C7-F95A-4216-B84B-75F47F374EEF} = {E5DC19DA-228B-4F0E-9CF4-D3C60A6C2B62}
		{2C1F833F-B8F1-4217-9E9D-34F711860A2C} = {E5DC19DA-228B-4F0E-9CF4-D3C60A6C2B62}
		{E74183D8-CC2B-4598-ABA4-538695A1D15C} = {ED82BA02-E0A9-4935-BCCC-C3FAD112A4CB}
		{F8A38CC0-F3EA-4A16-889D-D6C871C2F798} = {E5DC19DA-228B-4F0E-9CF4-D3C60A6C2B62}
		{73D62673-E255-48AA-894C-26180B20E323} = {E5DC19DA-228B-4F0E-9CF4-D3C60A6C2B62}
		{E5DC19DA-228B-4F0E-9CF4-D3C60A6C2B62} = {BE921EAC-572E-4DF4-824B-33DE6F58BA52}
		{0F2F7A87-9683-4E2B-BDD8-702132C3C9A8} = {E5DC19DA-228B-4F0E-9CF4-D3C60A6C2B62}
		{C3287A61-CC6B-46E4-BACB-CC5A1E1581C5} = {F32A0417-74E9-4185-9538-DA83B59F7124}
		{4AB3ADF1-CFDD-4F59-A740-0E09ED7296B4} = {BE921EAC-572E-4DF4-824B-33DE6F58BA52}
		{3FB2F987-C1E8-4874-93B2-35B7E7E0BF13} = {0E73ECE9-B340-4AA3-9A18-BE10AC15CF84}
		{9CCD5C30-05CA-4FA6-98C9-E3E881C1692E} = {BE921EAC-572E-4DF4-824B-33DE6F58BA52}
		{2BA62F57-77D9-4BB7-8159-8B3D66B1CD37} = {BE921EAC-572E-4DF4-824B-33DE6F58BA52}
		{DE3D7742-BCA2-4432-AEA1-50466618A940} = {ED82BA02-E0A9-4935-BCCC-C3FAD112A4CB}
		{0A36CC69-09A8-42FB-A17E-B1EE39656F85} = {BE921EAC-572E-4DF4-824B-33DE6F58BA52}
		{3EE1FFDA-231D-40B8-9441-EF2D3481730F} = {BE921EAC-572E-4DF4-824B-33DE6F58BA52}
		{A055FA5C-A748-4450-88EA-B02E4C757335} = {7D441A72-A796-4DC8-8E00-732C7B6F65AE}
	EndGlobalSection
	GlobalSection(ExtensibilityGlobals) = postSolution
		SolutionGuid = {75C94C50-175D-4EFC-B610-B4B9A3584DE7}
	EndGlobalSection
	GlobalSection(SharedMSBuildProjectFiles) = preSolution
		Libraries\324 - NMIHelper\cdeNMIHelper\cdeNMIHelper.projitems*{0a36cc69-09a8-42fb-a17e-b1ee39656f85}*SharedItemsImports = 13
		MessageContracts\078 - CDMyOPCUAClient\APIs\MyOPCUAClientContracts\MyOPCUAClientContracts.projitems*{37f9af8f-d273-4a2b-972a-957e045bd4ed}*SharedItemsImports = 5
		Libraries\185 - SenderAndReceiverBase\TheThingMatcher\TheThingMatcher.projitems*{3cdeda4c-c6d3-4255-9324-475e6764431a}*SharedItemsImports = 13
		MessageContracts\034 - EnergyModel\cdeEnergyModel\cdeEnergyModel.projitems*{3ee1ffda-231d-40b8-9441-ef2d3481730f}*SharedItemsImports = 13
		Libraries\185 - SenderAndReceiverBase\TheEventConverters\TheEventConverters.projitems*{4652f20e-c456-4536-8d2f-85c2422cfc58}*SharedItemsImports = 13
		MessageContracts\078 - CDMyOPCUAClient\APIs\MyOPCUAClientContracts\MyOPCUAClientContracts.projitems*{56dd1f1c-6644-4298-a132-c3254096b72e}*SharedItemsImports = 13
		MessageContracts\144 - TheCommonMessageContracts\TheCommonMessageContracts\TheCommonMessageContracts.projitems*{5b124834-f6f1-493d-9b3e-ff0f072f8183}*SharedItemsImports = 13
		MessageContracts\078 - CDMyOPCUAClient\APIs\MyOPCUAClientAPI\MyOPCUAClientAPI.projitems*{9469b76a-32e9-4917-a9b5-e133e0666cc7}*SharedItemsImports = 13
		Libraries\185 - SenderAndReceiverBase\TheConnectionBase\TheConnectionBase.projitems*{9c8cc825-09b6-4320-a34b-22029f085012}*SharedItemsImports = 13
		Libraries\199 - CDE-WebConnect\TheWebConnect\TheWebConnect.projitems*{9ccd5c30-05ca-4fa6-98c9-e3e881c1692e}*SharedItemsImports = 13
		Libraries\185 - SenderAndReceiverBase\TheReceiverBase\TheReceiverBase.projitems*{d2fb39c4-e828-4184-8e3b-342f61cb154f}*SharedItemsImports = 13
		Libraries\185 - SenderAndReceiverBase\TheSenderBase\TheSenderBase.projitems*{ea4fffbc-c803-4b10-ba13-1587a1fc0f06}*SharedItemsImports = 13
	EndGlobalSection
EndGlobal
